{
  "requires": true,
  "lockfileVersion": 1,
  "dependencies": {
    "node-fetch": {
      "version": "2.6.1",
      "resolved": "https://registry.npmjs.org/node-fetch/-/node-fetch-2.6.1.tgz",
      "integrity": "sha512-V4aYg89jEoVRxRb2fJdAg8FHvI7cEyYdVAh94HH0UIK8oJxUfkjlDQN9RbMx+bEjP7+ggMiFRprSti032Oipxw=="
    },
    "xendit-node": {
      "version": "1.10.0",
      "resolved": "https://registry.npmjs.org/xendit-node/-/xendit-node-1.10.0.tgz",
      "integrity": "sha512-fKYWkxAEA2inT9Jl4iV28botC9ctkO50Ubhg4lwpm8D7C0tv3xYlyML7SWaGLShPzmfE+l3rzmC8Y76VhNa9KQ==",
      "requires": {
        "node-fetch": "^2.6.0"
      }
    }
  }
}
